
Microsoft Visual Studio Solution File, Format Version 12.00
# Visual Studio Version 17
VisualStudioVersion = 17.0.31903.59
MinimumVisualStudioVersion = 10.0.40219.1
Project("{9A19103F-16F7-4668-BE54-9A1E7A4F7556}") = "WithMediatR", "src\with-mediatr\WithMediatR.csproj", "{95759EB9-DF91-434D-B7C6-953F93487B19}"
EndProject
Project("{9A19103F-16F7-4668-BE54-9A1E7A4F7556}") = "WithoutMediatR", "src\without-mediatr\WithoutMediatR.csproj", "{A68395F8-AE06-4AA3-B981-CCCFE62ED23B}"
EndProject
Global
	GlobalSection(SolutionConfigurationPlatforms) = preSolution
		Debug|Any CPU = Debug|Any CPU
		Release|Any CPU = Release|Any CPU
	EndGlobalSection
	GlobalSection(ProjectConfigurationPlatforms) = postSolution
		{95759EB9-DF91-434D-B7C6-953F93487B19}.Debug|Any CPU.ActiveCfg = Debug|Any CPU
		{95759EB9-DF91-434D-B7C6-953F93487B19}.Debug|Any CPU.Build.0 = Debug|Any CPU
		{95759EB9-DF91-434D-B7C6-953F93487B19}.Release|Any CPU.ActiveCfg = Release|Any CPU
		{95759EB9-DF91-434D-B7C6-953F93487B19}.Release|Any CPU.Build.0 = Release|Any CPU
		{A68395F8-AE06-4AA3-B981-CCCFE62ED23B}.Debug|Any CPU.ActiveCfg = Debug|Any CPU
		{A68395F8-AE06-4AA3-B981-CCCFE62ED23B}.Debug|Any CPU.Build.0 = Debug|Any CPU
		{A68395F8-AE06-4AA3-B981-CCCFE62ED23B}.Release|Any CPU.ActiveCfg = Release|Any CPU
		{A68395F8-AE06-4AA3-B981-CCCFE62ED23B}.Release|Any CPU.Build.0 = Release|Any CPU
	EndGlobalSection
	GlobalSection(SolutionProperties) = preSolution
		HideSolutionNode = FALSE
	EndGlobalSection
	GlobalSection(ExtensibilityGlobals) = postSolution
		SolutionGuid = {CD49AB88-92BB-495C-9DCA-A9A7229BF32A}
	EndGlobalSection
EndGlobal
